
Microsoft Visual Studio Solution File, Format Version 12.00
# Visual Studio Version 17
VisualStudioVersion = 17.3.32819.101
MinimumVisualStudioVersion = 10.0.40219.1
Project("{8BC9CEB8-8B4A-11D0-8D11-00A0C91BC942}") = "TrackedStats", "TrackedStats\TrackedStats.vcxproj", "{5BF5E10C-F7C8-403F-A699-283CA7E1EB74}"
EndProject
Global
	GlobalSection(SolutionConfigurationPlatforms) = preSolution
		Release|x64 = Release|x64
	EndGlobalSection
	GlobalSection(ProjectConfigurationPlatforms) = postSolution
		{5BF5E10C-F7C8-403F-A699-283CA7E1EB74}.Release|x64.ActiveCfg = Release|x64
		{5BF5E10C-F7C8-403F-A699-283CA7E1EB74}.Release|x64.Build.0 = Release|x64
	EndGlobalSection
	GlobalSection(SolutionProperties) = preSolution
		HideSolutionNode = FALSE
	EndGlobalSection
	GlobalSection(ExtensibilityGlobals) = postSolution
		SolutionGuid = {B176021C-F9F5-44C2-86B5-3CBC45E7A9E4}
	EndGlobalSection
EndGlobal
